
Microsoft Visual Studio Solution File, Format Version 12.00
# Visual Studio Version 17
VisualStudioVersion = 17.0.32112.339
MinimumVisualStudioVersion = 10.0.40219.1
Project("{FAE04EC0-301F-11D3-BF4B-00C04F79EFBC}") = "Examen1", "Examen1\Examen1.csproj", "{1E94D3CE-F9D6-4D2F-A5C6-0503610CCB5D}"
EndProject
Global
	GlobalSection(SolutionConfigurationPlatforms) = preSolution
		Debug|Any CPU = Debug|Any CPU
		Release|Any CPU = Release|Any CPU
	EndGlobalSection
	GlobalSection(ProjectConfigurationPlatforms) = postSolution
		{1E94D3CE-F9D6-4D2F-A5C6-0503610CCB5D}.Debug|Any CPU.ActiveCfg = Debug|Any CPU
		{1E94D3CE-F9D6-4D2F-A5C6-0503610CCB5D}.Debug|Any CPU.Build.0 = Debug|Any CPU
		{1E94D3CE-F9D6-4D2F-A5C6-0503610CCB5D}.Release|Any CPU.ActiveCfg = Release|Any CPU
		{1E94D3CE-F9D6-4D2F-A5C6-0503610CCB5D}.Release|Any CPU.Build.0 = Release|Any CPU
	EndGlobalSection
	GlobalSection(SolutionProperties) = preSolution
		HideSolutionNode = FALSE
	EndGlobalSection
	GlobalSection(ExtensibilityGlobals) = postSolution
		SolutionGuid = {27D302A6-82A3-4D37-A262-8F7E88176F0A}
	EndGlobalSection
EndGlobal
